lockfileVersion: '6.0'

importers:

  .:
    devDependencies:
      '@iarna/toml':
        specifier: ^2.2.5
        version: 2.2.5
      husky:
        specifier: ^8.0.3
        version: 8.0.3

  packages/aarch64-apple-darwin: {}

  packages/aarch64-unknown-linux-gnu: {}

  packages/core: {}

  packages/x86_64-windows-msvc: {}

packages:

  /@iarna/toml@2.2.5:
    resolution: {integrity: sha512-trnsAYxU3xnS1gPHPyU961coFyLkh4gAD/0zQ5mymY4yOZ+CYvsPqUbOFSw0aDM4y0tV7tiFxL/1XfXPNC6IPg==}
    dev: true

  /husky@8.0.3:
    resolution: {integrity: sha512-+dQSyqPh4x1hlO1swXBiNb2HzTDN1I2IGLQx1GrBuiqFJfoMrnZWwVmatvSiO+Iz8fBUnf+lekwNo4c2LlXItg==}
    engines: {node: '>=14'}
    hasBin: true
    dev: true
